// !$*UTF8*$!
{
	archiveVersion = 1;
	classes = {
	};
	objectVersion = 46;
	objects = {

/* Begin PBXBuildFile section */
		8FB9793B18123200006AEEFA /* Foundation.framework in Frameworks */ = {isa = PBXBuildFile; fileRef = 8FB9793A18123200006AEEFA /* Foundation.framework */; };
		8FB9793D18123200006AEEFA /* CoreGraphics.framework in Frameworks */ = {isa = PBXBuildFile; fileRef = 8FB9793C18123200006AEEFA /* CoreGraphics.framework */; };
		8FB9793F18123200006AEEFA /* UIKit.framework in Frameworks */ = {isa = PBXBuildFile; fileRef = 8FB9793E18123200006AEEFA /* UIKit.framework */; };
		8FB9794518123200006AEEFA /* InfoPlist.strings in Resources */ = {isa = PBXBuildFile; fileRef = 8FB9794318123200006AEEFA /* InfoPlist.strings */; };
		8FB9794718123200006AEEFA /* main.m in Sources */ = {isa = PBXBuildFile; fileRef = 8FB9794618123200006AEEFA /* main.m */; };
		8FB9794B18123200006AEEFA /* KBMAppDelegate.m in Sources */ = {isa = PBXBuildFile; fileRef = 8FB9794A18123200006AEEFA /* KBMAppDelegate.m */; };
		8FB9794E18123200006AEEFA /* Main.storyboard in Resources */ = {isa = PBXBuildFile; fileRef = 8FB9794C18123200006AEEFA /* Main.storyboard */; };
		8FB9795118123200006AEEFA /* KBMViewController.m in Sources */ = {isa = PBXBuildFile; fileRef = 8FB9795018123200006AEEFA /* KBMViewController.m */; };
		8FB9795318123200006AEEFA /* Images.xcassets in Resources */ = {isa = PBXBuildFile; fileRef = 8FB9795218123200006AEEFA /* Images.xcassets */; };
		8FB9795A18123201006AEEFA /* XCTest.framework in Frameworks */ = {isa = PBXBuildFile; fileRef = 8FB9795918123201006AEEFA /* XCTest.framework */; };
		8FB9795B18123201006AEEFA /* Foundation.framework in Frameworks */ = {isa = PBXBuildFile; fileRef = 8FB9793A18123200006AEEFA /* Foundation.framework */; };
		8FB9795C18123201006AEEFA /* UIKit.framework in Frameworks */ = {isa = PBXBuildFile; fileRef = 8FB9793E18123200006AEEFA /* UIKit.framework */; };
		8FB9796418123201006AEEFA /* InfoPlist.strings in Resources */ = {isa = PBXBuildFile; fileRef = 8FB9796218123201006AEEFA /* InfoPlist.strings */; };
		8FB9796618123201006AEEFA /* BatteryManagerTests.m in Sources */ = {isa = PBXBuildFile; fileRef = 8FB9796518123201006AEEFA /* BatteryManagerTests.m */; };
/* End PBXBuildFile section */

/* Begin PBXContainerItemProxy section */
		8FB9795D18123201006AEEFA /* PBXContainerItemProxy */ = {
			isa = PBXContainerItemProxy;
			containerPortal = 8FB9792F18123200006AEEFA /* Project object */;
			proxyType = 1;
			remoteGlobalIDString = 8FB9793618123200006AEEFA;
			remoteInfo = BatteryManager;
		};
/* End PBXContainerItemProxy section */

/* Begin PBXFileReference section */
		8FB9793718123200006AEEFA /* BatteryManager.app */ = {isa = PBXFileReference; explicitFileType = wrapper.application; includeInIndex = 0; path = BatteryManager.app; sourceTree = BUILT_PRODUCTS_DIR; };
		8FB9793A18123200006AEEFA /* Foundation.framework */ = {isa = PBXFileReference; lastKnownFileType = wrapper.framework; name = Foundation.framework; path = System/Library/Frameworks/Foundation.framework; sourceTree = SDKROOT; };
		8FB9793C18123200006AEEFA /* CoreGraphics.framework */ = {isa = PBXFileReference; lastKnownFileType = wrapper.framework; name = CoreGraphics.framework; path = System/Library/Frameworks/CoreGraphics.framework; sourceTree = SDKROOT; };
		8FB9793E18123200006AEEFA /* UIKit.framework */ = {isa = PBXFileReference; lastKnownFileType = wrapper.framework; name = UIKit.framework; path = System/Library/Frameworks/UIKit.framework; sourceTree = SDKROOT; };
		8FB9794218123200006AEEFA /* BatteryManager-Info.plist */ = {isa = PBXFileReference; lastKnownFileType = text.plist.xml; path = "BatteryManager-Info.plist"; sourceTree = "<group>"; };
		8FB9794418123200006AEEFA /* en */ = {isa = PBXFileReference; lastKnownFileType = text.plist.strings; name = en; path = en.lproj/InfoPlist.strings; sourceTree = "<group>"; };
		8FB9794618123200006AEEFA /* main.m */ = {isa = PBXFileReference; lastKnownFileType = sourcecode.c.objc; path = main.m; sourceTree = "<group>"; };
		8FB9794818123200006AEEFA /* BatteryManager-Prefix.pch */ = {isa = PBXFileReference; lastKnownFileType = sourcecode.c.h; path = "BatteryManager-Prefix.pch"; sourceTree = "<group>"; };
		8FB9794918123200006AEEFA /* KBMAppDelegate.h */ = {isa = PBXFileReference; lastKnownFileType = sourcecode.c.h; path = KBMAppDelegate.h; sourceTree = "<group>"; };
		8FB9794A18123200006AEEFA /* KBMAppDelegate.m */ = {isa = PBXFileReference; lastKnownFileType = sourcecode.c.objc; path = KBMAppDelegate.m; sourceTree = "<group>"; };
		8FB9794D18123200006AEEFA /* Base */ = {isa = PBXFileReference; lastKnownFileType = file.storyboard; name = Base; path = Base.lproj/Main.storyboard; sourceTree = "<group>"; };
		8FB9794F18123200006AEEFA /* KBMViewController.h */ = {isa = PBXFileReference; lastKnownFileType = sourcecode.c.h; path = KBMViewController.h; sourceTree = "<group>"; };
		8FB9795018123200006AEEFA /* KBMViewController.m */ = {isa = PBXFileReference; lastKnownFileType = sourcecode.c.objc; path = KBMViewController.m; sourceTree = "<group>"; };
		8FB9795218123200006AEEFA /* Images.xcassets */ = {isa = PBXFileReference; lastKnownFileType = folder.assetcatalog; path = Images.xcassets; sourceTree = "<group>"; };
		8FB9795818123201006AEEFA /* BatteryManagerTests.xctest */ = {isa = PBXFileReference; explicitFileType = wrapper.cfbundle; includeInIndex = 0; path = BatteryManagerTests.xctest; sourceTree = BUILT_PRODUCTS_DIR; };
		8FB9795918123201006AEEFA /* XCTest.framework */ = {isa = PBXFileReference; lastKnownFileType = wrapper.framework; name = XCTest.framework; path = Library/Frameworks/XCTest.framework; sourceTree = DEVELOPER_DIR; };
		8FB9796118123201006AEEFA /* BatteryManagerTests-Info.plist */ = {isa = PBXFileReference; lastKnownFileType = text.plist.xml; path = "BatteryManagerTests-Info.plist"; sourceTree = "<group>"; };
		8FB9796318123201006AEEFA /* en */ = {isa = PBXFileReference; lastKnownFileType = text.plist.strings; name = en; path = en.lproj/InfoPlist.strings; sourceTree = "<group>"; };
		8FB9796518123201006AEEFA /* BatteryManagerTests.m */ = {isa = PBXFileReference; lastKnownFileType = sourcecode.c.objc; path = BatteryManagerTests.m; sourceTree = "<group>"; };
/* End PBXFileReference section */

/* Begin PBXFrameworksBuildPhase section */
		8FB9793418123200006AEEFA /* Frameworks */ = {
			isa = PBXFrameworksBuildPhase;
			buildActionMask = 2147483647;
			files = (
				8FB9793D18123200006AEEFA /* CoreGraphics.framework in Frameworks */,
				8FB9793F18123200006AEEFA /* UIKit.framework in Frameworks */,
				8FB9793B18123200006AEEFA /* Foundation.framework in Frameworks */,
			);
			runOnlyForDeploymentPostprocessing = 0;
		};
		8FB9795518123201006AEEFA /* Frameworks */ = {
			isa = PBXFrameworksBuildPhase;
			buildActionMask = 2147483647;
			files = (
				8FB9795A18123201006AEEFA /* XCTest.framework in Frameworks */,
				8FB9795C18123201006AEEFA /* UIKit.framework in Frameworks */,
				8FB9795B18123201006AEEFA /* Foundation.framework in Frameworks */,
			);
			runOnlyForDeploymentPostprocessing = 0;
		};
/* End PBXFrameworksBuildPhase section */

/* Begin PBXGroup section */
		8FB9792E18123200006AEEFA = {
			isa = PBXGroup;
			children = (
				8FB9794018123200006AEEFA /* BatteryManager */,
				8FB9795F18123201006AEEFA /* BatteryManagerTests */,
				8FB9793918123200006AEEFA /* Frameworks */,
				8FB9793818123200006AEEFA /* Products */,
			);
			sourceTree = "<group>";
		};
		8FB9793818123200006AEEFA /* Products */ = {
			isa = PBXGroup;
			children = (
				8FB9793718123200006AEEFA /* BatteryManager.app */,
				8FB9795818123201006AEEFA /* BatteryManagerTests.xctest */,
			);
			name = Products;
			sourceTree = "<group>";
		};
		8FB9793918123200006AEEFA /* Frameworks */ = {
			isa = PBXGroup;
			children = (
				8FB9793A18123200006AEEFA /* Foundation.framework */,
				8FB9793C18123200006AEEFA /* CoreGraphics.framework */,
				8FB9793E18123200006AEEFA /* UIKit.framework */,
				8FB9795918123201006AEEFA /* XCTest.framework */,
			);
			name = Frameworks;
			sourceTree = "<group>";
		};
		8FB9794018123200006AEEFA /* BatteryManager */ = {
			isa = PBXGroup;
			children = (
				8FB9794918123200006AEEFA /* KBMAppDelegate.h */,
				8FB9794A18123200006AEEFA /* KBMAppDelegate.m */,
				8FB9794C18123200006AEEFA /* Main.storyboard */,
				8FB9794F18123200006AEEFA /* KBMViewController.h */,
				8FB9795018123200006AEEFA /* KBMViewController.m */,
				8FB9795218123200006AEEFA /* Images.xcassets */,
				8FB9794118123200006AEEFA /* Supporting Files */,
			);
			path = BatteryManager;
			sourceTree = "<group>";
		};
		8FB9794118123200006AEEFA /* Supporting Files */ = {
			isa = PBXGroup;
			children = (
				8FB9794218123200006AEEFA /* BatteryManager-Info.plist */,
				8FB9794318123200006AEEFA /* InfoPlist.strings */,
				8FB9794618123200006AEEFA /* main.m */,
				8FB9794818123200006AEEFA /* BatteryManager-Prefix.pch */,
			);
			name = "Supporting Files";
			sourceTree = "<group>";
		};
		8FB9795F18123201006AEEFA /* BatteryManagerTests */ = {
			isa = PBXGroup;
			children = (
				8FB9796518123201006AEEFA /* BatteryManagerTests.m */,
				8FB9796018123201006AEEFA /* Supporting Files */,
			);
			path = BatteryManagerTests;
			sourceTree = "<group>";
		};
		8FB9796018123201006AEEFA /* Supporting Files */ = {
			isa = PBXGroup;
			children = (
				8FB9796118123201006AEEFA /* BatteryManagerTests-Info.plist */,
				8FB9796218123201006AEEFA /* InfoPlist.strings */,
			);
			name = "Supporting Files";
			sourceTree = "<group>";
		};
/* End PBXGroup section */

/* Begin PBXNativeTarget section */
		8FB9793618123200006AEEFA /* BatteryManager */ = {
			isa = PBXNativeTarget;
			buildConfigurationList = 8FB9796918123201006AEEFA /* Build configuration list for PBXNativeTarget "BatteryManager" */;
			buildPhases = (
				8FB9793318123200006AEEFA /* Sources */,
				8FB9793418123200006AEEFA /* Frameworks */,
				8FB9793518123200006AEEFA /* Resources */,
			);
			buildRules = (
			);
			dependencies = (
			);
			name = BatteryManager;
			productName = BatteryManager;
			productReference = 8FB9793718123200006AEEFA /* BatteryManager.app */;
			productType = "com.apple.product-type.application";
		};
		8FB9795718123201006AEEFA /* BatteryManagerTests */ = {
			isa = PBXNativeTarget;
			buildConfigurationList = 8FB9796C18123201006AEEFA /* Build configuration list for PBXNativeTarget "BatteryManagerTests" */;
			buildPhases = (
				8FB9795418123201006AEEFA /* Sources */,
				8FB9795518123201006AEEFA /* Frameworks */,
				8FB9795618123201006AEEFA /* Resources */,
			);
			buildRules = (
			);
			dependencies = (
				8FB9795E18123201006AEEFA /* PBXTargetDependency */,
			);
			name = BatteryManagerTests;
			productName = BatteryManagerTests;
			productReference = 8FB9795818123201006AEEFA /* BatteryManagerTests.xctest */;
			productType = "com.apple.product-type.bundle.unit-test";
		};
/* End PBXNativeTarget section */

/* Begin PBXProject section */
		8FB9792F18123200006AEEFA /* Project object */ = {
			isa = PBXProject;
			attributes = {
				CLASSPREFIX = KBM;
				LastUpgradeCheck = 0500;
				ORGANIZATIONNAME = koganepj;
				TargetAttributes = {
					8FB9795718123201006AEEFA = {
						TestTargetID = 8FB9793618123200006AEEFA;
					};
				};
			};
			buildConfigurationList = 8FB9793218123200006AEEFA /* Build configuration list for PBXProject "BatteryManager" */;
			compatibilityVersion = "Xcode 3.2";
			developmentRegion = English;
			hasScannedForEncodings = 0;
			knownRegions = (
				en,
				Base,
			);
			mainGroup = 8FB9792E18123200006AEEFA;
			productRefGroup = 8FB9793818123200006AEEFA /* Products */;
			projectDirPath = "";
			projectRoot = "";
			targets = (
				8FB9793618123200006AEEFA /* BatteryManager */,
				8FB9795718123201006AEEFA /* BatteryManagerTests */,
			);
		};
/* End PBXProject section */

/* Begin PBXResourcesBuildPhase section */
		8FB9793518123200006AEEFA /* Resources */ = {
			isa = PBXResourcesBuildPhase;
			buildActionMask = 2147483647;
			files = (
				8FB9795318123200006AEEFA /* Images.xcassets in Resources */,
				8FB9794518123200006AEEFA /* InfoPlist.strings in Resources */,
				8FB9794E18123200006AEEFA /* Main.storyboard in Resources */,
			);
			runOnlyForDeploymentPostprocessing = 0;
		};
		8FB9795618123201006AEEFA /* Resources */ = {
			isa = PBXResourcesBuildPhase;
			buildActionMask = 2147483647;
			files = (
				8FB9796418123201006AEEFA /* InfoPlist.strings in Resources */,
			);
			runOnlyForDeploymentPostprocessing = 0;
		};
/* End PBXResourcesBuildPhase section */

/* Begin PBXSourcesBuildPhase section */
		8FB9793318123200006AEEFA /* Sources */ = {
			isa = PBXSourcesBuildPhase;
			buildActionMask = 2147483647;
			files = (
				8FB9794718123200006AEEFA /* main.m in Sources */,
				8FB9795118123200006AEEFA /* KBMViewController.m in Sources */,
				8FB9794B18123200006AEEFA /* KBMAppDelegate.m in Sources */,
			);
			runOnlyForDeploymentPostprocessing = 0;
		};
		8FB9795418123201006AEEFA /* Sources */ = {
			isa = PBXSourcesBuildPhase;
			buildActionMask = 2147483647;
			files = (
				8FB9796618123201006AEEFA /* BatteryManagerTests.m in Sources */,
			);
			runOnlyForDeploymentPostprocessing = 0;
		};
/* End PBXSourcesBuildPhase section */

/* Begin PBXTargetDependency section */
		8FB9795E18123201006AEEFA /* PBXTargetDependency */ = {
			isa = PBXTargetDependency;
			target = 8FB9793618123200006AEEFA /* BatteryManager */;
			targetProxy = 8FB9795D18123201006AEEFA /* PBXContainerItemProxy */;
		};
/* End PBXTargetDependency section */

/* Begin PBXVariantGroup section */
		8FB9794318123200006AEEFA /* InfoPlist.strings */ = {
			isa = PBXVariantGroup;
			children = (
				8FB9794418123200006AEEFA /* en */,
			);
			name = InfoPlist.strings;
			sourceTree = "<group>";
		};
		8FB9794C18123200006AEEFA /* Main.storyboard */ = {
			isa = PBXVariantGroup;
			children = (
				8FB9794D18123200006AEEFA /* Base */,
			);
			name = Main.storyboard;
			sourceTree = "<group>";
		};
		8FB9796218123201006AEEFA /* InfoPlist.strings */ = {
			isa = PBXVariantGroup;
			children = (
				8FB9796318123201006AEEFA /* en */,
			);
			name = InfoPlist.strings;
			sourceTree = "<group>";
		};
/* End PBXVariantGroup section */

/* Begin XCBuildConfiguration section */
		8FB9796718123201006AEEFA /* Debug */ = {
			isa = XCBuildConfiguration;
			buildSettings = {
				ALWAYS_SEARCH_USER_PATHS = NO;
				ARCHS = "$(ARCHS_STANDARD_INCLUDING_64_BIT)";
				CLANG_CXX_LANGUAGE_STANDARD = "gnu++0x";
				CLANG_CXX_LIBRARY = "libc++";
				CLANG_ENABLE_MODULES = YES;
				CLANG_ENABLE_OBJC_ARC = YES;
				CLANG_WARN_BOOL_CONVERSION = YES;
				CLANG_WARN_CONSTANT_CONVERSION = YES;
				CLANG_WARN_DIRECT_OBJC_ISA_USAGE = YES_ERROR;
				CLANG_WARN_EMPTY_BODY = YES;
				CLANG_WARN_ENUM_CONVERSION = YES;
				CLANG_WARN_INT_CONVERSION = YES;
				CLANG_WARN_OBJC_ROOT_CLASS = YES_ERROR;
				CLANG_WARN__DUPLICATE_METHOD_MATCH = YES;
				"CODE_SIGN_IDENTITY[sdk=iphoneos*]" = "iPhone Developer";
				COPY_PHASE_STRIP = NO;
				GCC_C_LANGUAGE_STANDARD = gnu99;
				GCC_DYNAMIC_NO_PIC = NO;
				GCC_OPTIMIZATION_LEVEL = 0;
				GCC_PREPROCESSOR_DEFINITIONS = (
					"DEBUG=1",
					"$(inherited)",
				);
				GCC_SYMBOLS_PRIVATE_EXTERN = NO;
				GCC_WARN_64_TO_32_BIT_CONVERSION = YES;
				GCC_WARN_ABOUT_RETURN_TYPE = YES_ERROR;
				GCC_WARN_UNDECLARED_SELECTOR = YES;
				GCC_WARN_UNINITIALIZED_AUTOS = YES;
				GCC_WARN_UNUSED_FUNCTION = YES;
				GCC_WARN_UNUSED_VARIABLE = YES;
				IPHONEOS_DEPLOYMENT_TARGET = 7.0;
				ONLY_ACTIVE_ARCH = YES;
				SDKROOT = iphoneos;
			};
			name = Debug;
		};
		8FB9796818123201006AEEFA /* Release */ = {
			isa = XCBuildConfiguration;
			buildSettings = {
				ALWAYS_SEARCH_USER_PATHS = NO;
				ARCHS = "$(ARCHS_STANDARD_INCLUDING_64_BIT)";
				CLANG_CXX_LANGUAGE_STANDARD = "gnu++0x";
				CLANG_CXX_LIBRARY = "libc++";
				CLANG_ENABLE_MODULES = YES;
				CLANG_ENABLE_OBJC_ARC = YES;
				CLANG_WARN_BOOL_CONVERSION = YES;
				CLANG_WARN_CONSTANT_CONVERSION = YES;
				CLANG_WARN_DIRECT_OBJC_ISA_USAGE = YES_ERROR;
				CLANG_WARN_EMPTY_BODY = YES;
				CLANG_WARN_ENUM_CONVERSION = YES;
				CLANG_WARN_INT_CONVERSION = YES;
				CLANG_WARN_OBJC_ROOT_CLASS = YES_ERROR;
				CLANG_WARN__DUPLICATE_METHOD_MATCH = YES;
				"CODE_SIGN_IDENTITY[sdk=iphoneos*]" = "iPhone Developer";
				COPY_PHASE_STRIP = YES;
				ENABLE_NS_ASSERTIONS = NO;
				GCC_C_LANGUAGE_STANDARD = gnu99;
				GCC_WARN_64_TO_32_BIT_CONVERSION = YES;
				GCC_WARN_ABOUT_RETURN_TYPE = YES_ERROR;
				GCC_WARN_UNDECLARED_SELECTOR = YES;
				GCC_WARN_UNINITIALIZED_AUTOS = YES;
				GCC_WARN_UNUSED_FUNCTION = YES;
				GCC_WARN_UNUSED_VARIABLE = YES;
				IPHONEOS_DEPLOYMENT_TARGET = 7.0;
				SDKROOT = iphoneos;
				VALIDATE_PRODUCT = YES;
			};
			name = Release;
		};
		8FB9796A18123201006AEEFA /* Debug */ = {
			isa = XCBuildConfiguration;
			buildSettings = {
				ASSETCATALOG_COMPILER_APPICON_NAME = AppIcon;
				ASSETCATALOG_COMPILER_LAUNCHIMAGE_NAME = LaunchImage;
				GCC_PRECOMPILE_PREFIX_HEADER = YES;
				GCC_PREFIX_HEADER = "BatteryManager/BatteryManager-Prefix.pch";
				INFOPLIST_FILE = "BatteryManager/BatteryManager-Info.plist";
				PRODUCT_NAME = "$(TARGET_NAME)";
				WRAPPER_EXTENSION = app;
			};
			name = Debug;
		};
		8FB9796B18123201006AEEFA /* Release */ = {
			isa = XCBuildConfiguration;
			buildSettings = {
				ASSETCATALOG_COMPILER_APPICON_NAME = AppIcon;
				ASSETCATALOG_COMPILER_LAUNCHIMAGE_NAME = LaunchImage;
				GCC_PRECOMPILE_PREFIX_HEADER = YES;
				GCC_PREFIX_HEADER = "BatteryManager/BatteryManager-Prefix.pch";
				INFOPLIST_FILE = "BatteryManager/BatteryManager-Info.plist";
				PRODUCT_NAME = "$(TARGET_NAME)";
				WRAPPER_EXTENSION = app;
			};
			name = Release;
		};
		8FB9796D18123201006AEEFA /* Debug */ = {
			isa = XCBuildConfiguration;
			buildSettings = {
				ARCHS = "$(ARCHS_STANDARD_INCLUDING_64_BIT)";
				BUNDLE_LOADER = "$(BUILT_PRODUCTS_DIR)/BatteryManager.app/BatteryManager";
				FRAMEWORK_SEARCH_PATHS = (
					"$(SDKROOT)/Developer/Library/Frameworks",
					"$(inherited)",
					"$(DEVELOPER_FRAMEWORKS_DIR)",
				);
				GCC_PRECOMPILE_PREFIX_HEADER = YES;
				GCC_PREFIX_HEADER = "BatteryManager/BatteryManager-Prefix.pch";
				GCC_PREPROCESSOR_DEFINITIONS = (
					"DEBUG=1",
					"$(inherited)",
				);
				INFOPLIST_FILE = "BatteryManagerTests/BatteryManagerTests-Info.plist";
				PRODUCT_NAME = "$(TARGET_NAME)";
				TEST_HOST = "$(BUNDLE_LOADER)";
				WRAPPER_EXTENSION = xctest;
			};
			name = Debug;
		};
		8FB9796E18123201006AEEFA /* Release */ = {
			isa = XCBuildConfiguration;
			buildSettings = {
				ARCHS = "$(ARCHS_STANDARD_INCLUDING_64_BIT)";
				BUNDLE_LOADER = "$(BUILT_PRODUCTS_DIR)/BatteryManager.app/BatteryManager";
				FRAMEWORK_SEARCH_PATHS = (
					"$(SDKROOT)/Developer/Library/Frameworks",
					"$(inherited)",
					"$(DEVELOPER_FRAMEWORKS_DIR)",
				);
				GCC_PRECOMPILE_PREFIX_HEADER = YES;
				GCC_PREFIX_HEADER = "BatteryManager/BatteryManager-Prefix.pch";
				INFOPLIST_FILE = "BatteryManagerTests/BatteryManagerTests-Info.plist";
				PRODUCT_NAME = "$(TARGET_NAME)";
				TEST_HOST = "$(BUNDLE_LOADER)";
				WRAPPER_EXTENSION = xctest;
			};
			name = Release;
		};
/* End XCBuildConfiguration section */

/* Begin XCConfigurationList section */
		8FB9793218123200006AEEFA /* Build configuration list for PBXProject "BatteryManager" */ = {
			isa = XCConfigurationList;
			buildConfigurations = (
				8FB9796718123201006AEEFA /* Debug */,
				8FB9796818123201006AEEFA /* Release */,
			);
			defaultConfigurationIsVisible = 0;
			defaultConfigurationName = Release;
		};
		8FB9796918123201006AEEFA /* Build configuration list for PBXNativeTarget "BatteryManager" */ = {
			isa = XCConfigurationList;
			buildConfigurations = (
				8FB9796A18123201006AEEFA /* Debug */,
				8FB9796B18123201006AEEFA /* Release */,
			);
			defaultConfigurationIsVisible = 0;
		};
		8FB9796C18123201006AEEFA /* Build configuration list for PBXNativeTarget "BatteryManagerTests" */ = {
			isa = XCConfigurationList;
			buildConfigurations = (
				8FB9796D18123201006AEEFA /* Debug */,
				8FB9796E18123201006AEEFA /* Release */,
			);
			defaultConfigurationIsVisible = 0;
		};
/* End XCConfigurationList section */
	};
	rootObject = 8FB9792F18123200006AEEFA /* Project object */;
}
